// !$*UTF8*$!
{
	archiveVersion = 1;
	classes = {
	};
	objectVersion = 50;
	objects = {

/* Begin PBXBuildFile section */
		141BFD1026260AD3007FF9A9 /* IndexPriorityQueue.swift in Sources */ = {isa = PBXBuildFile; fileRef = 141BFD0F26260AD3007FF9A9 /* IndexPriorityQueue.swift */; };
		141CCE292624079900E9E28F /* 134GasStation.swift in Sources */ = {isa = PBXBuildFile; fileRef = 141CCE282624079900E9E28F /* 134GasStation.swift */; };
		141CCE2C2624238F00E9E28F /* 763PartitionLabels.swift in Sources */ = {isa = PBXBuildFile; fileRef = 141CCE2B2624238F00E9E28F /* 763PartitionLabels.swift */; };
		143575B725F8212A00FA778B /* main.swift in Sources */ = {isa = PBXBuildFile; fileRef = 143575B625F8212A00FA778B /* main.swift */; };
		143575C025F8219600FA778B /* Recursion.swift in Sources */ = {isa = PBXBuildFile; fileRef = 143575BF25F8219600FA778B /* Recursion.swift */; };
		143575CB25F83BE700FA778B /* RecursiveAssignment.swift in Sources */ = {isa = PBXBuildFile; fileRef = 143575CA25F83BE700FA778B /* RecursiveAssignment.swift */; };
		1442D9EF25FF2E8700100F11 /* QuickSort.swift in Sources */ = {isa = PBXBuildFile; fileRef = 1442D9EE25FF2E8700100F11 /* QuickSort.swift */; };
		145B1A4F25FB179D00F1E4BD /* String+DPStringTool.swift in Sources */ = {isa = PBXBuildFile; fileRef = 145B1A4E25FB179D00F1E4BD /* String+DPStringTool.swift */; };
		145B1A5325FB180900F1E4BD /* ExhaustiveSearch.swift in Sources */ = {isa = PBXBuildFile; fileRef = 145B1A5125FB180900F1E4BD /* ExhaustiveSearch.swift */; };
		145B1A5425FB180900F1E4BD /* BackTracking.swift in Sources */ = {isa = PBXBuildFile; fileRef = 145B1A5225FB180900F1E4BD /* BackTracking.swift */; };
		146803A6261ED46400EDD0AE /* CourseSchedule.swift in Sources */ = {isa = PBXBuildFile; fileRef = 146803A5261ED46400EDD0AE /* CourseSchedule.swift */; };
		146803AE261EDC3B00EDD0AE /* CourseSchedule2.swift in Sources */ = {isa = PBXBuildFile; fileRef = 146803AD261EDC3B00EDD0AE /* CourseSchedule2.swift */; };
		146803B3261EE23D00EDD0AE /* BridgesTeacher.swift in Sources */ = {isa = PBXBuildFile; fileRef = 146803B1261EE23D00EDD0AE /* BridgesTeacher.swift */; };
		146803B4261EE23D00EDD0AE /* TomatoFarmTeacher.swift in Sources */ = {isa = PBXBuildFile; fileRef = 146803B2261EE23D00EDD0AE /* TomatoFarmTeacher.swift */; };
		146803B8261EE24C00EDD0AE /* RepeatingSequence.swift in Sources */ = {isa = PBXBuildFile; fileRef = 146803B6261EE24C00EDD0AE /* RepeatingSequence.swift */; };
		146803B9261EE24C00EDD0AE /* CyclicPermutation.swift in Sources */ = {isa = PBXBuildFile; fileRef = 146803B7261EE24C00EDD0AE /* CyclicPermutation.swift */; };
		146803BF261EE34600EDD0AE /* sushi.swift in Sources */ = {isa = PBXBuildFile; fileRef = 146803BD261EE34600EDD0AE /* sushi.swift */; };
		146803C0261EE34600EDD0AE /* SushiIterative.swift in Sources */ = {isa = PBXBuildFile; fileRef = 146803BE261EE34600EDD0AE /* SushiIterative.swift */; };
		1484638F26262BD40049FE64 /* CourseSchedule2Teacher.swift in Sources */ = {isa = PBXBuildFile; fileRef = 1484638D26262BD40049FE64 /* CourseSchedule2Teacher.swift */; };
		1484639026262BD40049FE64 /* CourseScheduleTeacher.swift in Sources */ = {isa = PBXBuildFile; fileRef = 1484638E26262BD40049FE64 /* CourseScheduleTeacher.swift */; };
		1484639326263C520049FE64 /* BellmanFord.swift in Sources */ = {isa = PBXBuildFile; fileRef = 1484639226263C520049FE64 /* BellmanFord.swift */; };
		148463982627AF4B0049FE64 /* TimeMachine.swift in Sources */ = {isa = PBXBuildFile; fileRef = 148463972627AF4B0049FE64 /* TimeMachine.swift */; };
		1484639C2627AFC20049FE64 /* MinimumCostFlow.swift in Sources */ = {isa = PBXBuildFile; fileRef = 1484639B2627AFC20049FE64 /* MinimumCostFlow.swift */; };
		148463A12627BB790049FE64 /* DijkstraPQ.swift in Sources */ = {isa = PBXBuildFile; fileRef = 148463A02627BB790049FE64 /* DijkstraPQ.swift */; };
		148463A42627FD740049FE64 /* MST.swift in Sources */ = {isa = PBXBuildFile; fileRef = 148463A32627FD740049FE64 /* MST.swift */; };
		1486A15F2601E563000B53CF /* Stack.swift in Sources */ = {isa = PBXBuildFile; fileRef = 1486A15E2601E563000B53CF /* Stack.swift */; };
		1486A1632601F53C000B53CF /* Queue.swift in Sources */ = {isa = PBXBuildFile; fileRef = 1486A1622601F53C000B53CF /* Queue.swift */; };
		1486A1692603D288000B53CF /* WhoIsMyParent.swift in Sources */ = {isa = PBXBuildFile; fileRef = 1486A1682603D288000B53CF /* WhoIsMyParent.swift */; };
		1486A16C26044096000B53CF /* Diameter.swift in Sources */ = {isa = PBXBuildFile; fileRef = 1486A16B26044096000B53CF /* Diameter.swift */; };
		1486A1722609B564000B53CF /* LowestCommonAncestor.swift in Sources */ = {isa = PBXBuildFile; fileRef = 1486A1712609B563000B53CF /* LowestCommonAncestor.swift */; };
		1486A17D260C2DA0000B53CF /* LCA(linear).swift in Sources */ = {isa = PBXBuildFile; fileRef = 1486A17B260C2DA0000B53CF /* LCA(linear).swift */; };
		1486A17E260C2DA0000B53CF /* TreeAssignment.swift in Sources */ = {isa = PBXBuildFile; fileRef = 1486A17C260C2DA0000B53CF /* TreeAssignment.swift */; };
		1486A184260C2E84000B53CF /* GraphAssignment.swift in Sources */ = {isa = PBXBuildFile; fileRef = 1486A183260C2E84000B53CF /* GraphAssignment.swift */; };
		1486A189260D0D45000B53CF /* GraphAssignment2.swift in Sources */ = {isa = PBXBuildFile; fileRef = 1486A188260D0D45000B53CF /* GraphAssignment2.swift */; };
		1490667B261D57A30019F4A0 /* TomatoFarm.swift in Sources */ = {isa = PBXBuildFile; fileRef = 1490667A261D57A30019F4A0 /* TomatoFarm.swift */; };
		1490667E261D75050019F4A0 /* Bridges.swift in Sources */ = {isa = PBXBuildFile; fileRef = 1490667D261D75050019F4A0 /* Bridges.swift */; };
		14FFDCB32620093D0073DFC7 /* UF.swift in Sources */ = {isa = PBXBuildFile; fileRef = 14FFDCB22620093D0073DFC7 /* UF.swift */; };
		14FFDCB9262011180073DFC7 /* 547NumberOfProvinces.swift in Sources */ = {isa = PBXBuildFile; fileRef = 14FFDCB8262011180073DFC7 /* 547NumberOfProvinces.swift */; };
		14FFDCBD2620114B0073DFC7 /* 684RedundantConnection.swift in Sources */ = {isa = PBXBuildFile; fileRef = 14FFDCBC2620114B0073DFC7 /* 684RedundantConnection.swift */; };
		14FFDCC12622AD950073DFC7 /* 1029TwoCityScheduling.swift in Sources */ = {isa = PBXBuildFile; fileRef = 14FFDCC02622AD950073DFC7 /* 1029TwoCityScheduling.swift */; };
		14FFDCC52622D3920073DFC7 /* 621TaskScheduler.swift in Sources */ = {isa = PBXBuildFile; fileRef = 14FFDCC42622D3920073DFC7 /* 621TaskScheduler.swift */; };
/* End PBXBuildFile section */

/* Begin PBXCopyFilesBuildPhase section */
		143575B125F8212A00FA778B /* CopyFiles */ = {
			isa = PBXCopyFilesBuildPhase;
			buildActionMask = 2147483647;
			dstPath = /usr/share/man/man1/;
			dstSubfolderSpec = 0;
			files = (
			);
			runOnlyForDeploymentPostprocessing = 1;
		};
/* End PBXCopyFilesBuildPhase section */

/* Begin PBXFileReference section */
		141BFD0626260A8F007FF9A9 /* TaskScheduler.swift */ = {isa = PBXFileReference; lastKnownFileType = sourcecode.swift; path = TaskScheduler.swift; sourceTree = "<group>"; };
		141BFD0726260A8F007FF9A9 /* GasStation.swift */ = {isa = PBXFileReference; lastKnownFileType = sourcecode.swift; path = GasStation.swift; sourceTree = "<group>"; };
		141BFD0826260A8F007FF9A9 /* PartitionLabels.swift */ = {isa = PBXFileReference; lastKnownFileType = sourcecode.swift; path = PartitionLabels.swift; sourceTree = "<group>"; };
		141BFD0926260A8F007FF9A9 /* TwoCityScheduling.swift */ = {isa = PBXFileReference; lastKnownFileType = sourcecode.swift; path = TwoCityScheduling.swift; sourceTree = "<group>"; };
		141BFD0D26260A8F007FF9A9 /* DijkstraArray.swift */ = {isa = PBXFileReference; lastKnownFileType = sourcecode.swift; path = DijkstraArray.swift; sourceTree = "<group>"; };
		141BFD0F26260AD3007FF9A9 /* IndexPriorityQueue.swift */ = {isa = PBXFileReference; fileEncoding = 4; lastKnownFileType = sourcecode.swift; path = IndexPriorityQueue.swift; sourceTree = "<group>"; };
		141CCE282624079900E9E28F /* 134GasStation.swift */ = {isa = PBXFileReference; lastKnownFileType = sourcecode.swift; path = 134GasStation.swift; sourceTree = "<group>"; };
		141CCE2B2624238F00E9E28F /* 763PartitionLabels.swift */ = {isa = PBXFileReference; lastKnownFileType = sourcecode.swift; path = 763PartitionLabels.swift; sourceTree = "<group>"; };
		143575B325F8212A00FA778B /* AlgorithmsDataStructures */ = {isa = PBXFileReference; explicitFileType = "compiled.mach-o.executable"; includeInIndex = 0; path = AlgorithmsDataStructures; sourceTree = BUILT_PRODUCTS_DIR; };
		143575B625F8212A00FA778B /* main.swift */ = {isa = PBXFileReference; lastKnownFileType = sourcecode.swift; path = main.swift; sourceTree = "<group>"; };
		143575BF25F8219600FA778B /* Recursion.swift */ = {isa = PBXFileReference; lastKnownFileType = sourcecode.swift; path = Recursion.swift; sourceTree = "<group>"; };
		143575C725F831D800FA778B /* provinces.txt */ = {isa = PBXFileReference; lastKnownFileType = text; path = provinces.txt; sourceTree = "<group>"; };
		143575CA25F83BE700FA778B /* RecursiveAssignment.swift */ = {isa = PBXFileReference; lastKnownFileType = sourcecode.swift; path = RecursiveAssignment.swift; sourceTree = "<group>"; };
		1442D9EE25FF2E8700100F11 /* QuickSort.swift */ = {isa = PBXFileReference; lastKnownFileType = sourcecode.swift; path = QuickSort.swift; sourceTree = "<group>"; };
		1442D9F225FF2F0600100F11 /* Sorting.swift */ = {isa = PBXFileReference; lastKnownFileType = sourcecode.swift; path = Sorting.swift; sourceTree = "<group>"; };
		1442D9F425FF2F1500100F11 /* Searching.swift */ = {isa = PBXFileReference; lastKnownFileType = sourcecode.swift; path = Searching.swift; sourceTree = "<group>"; };
		145B1A4E25FB179D00F1E4BD /* String+DPStringTool.swift */ = {isa = PBXFileReference; fileEncoding = 4; lastKnownFileType = sourcecode.swift; path = "String+DPStringTool.swift"; sourceTree = "<group>"; };
		145B1A5125FB180900F1E4BD /* ExhaustiveSearch.swift */ = {isa = PBXFileReference; fileEncoding = 4; lastKnownFileType = sourcecode.swift; path = ExhaustiveSearch.swift; sourceTree = "<group>"; };
		145B1A5225FB180900F1E4BD /* BackTracking.swift */ = {isa = PBXFileReference; fileEncoding = 4; lastKnownFileType = sourcecode.swift; path = BackTracking.swift; sourceTree = "<group>"; };
		146803A5261ED46400EDD0AE /* CourseSchedule.swift */ = {isa = PBXFileReference; lastKnownFileType = sourcecode.swift; path = CourseSchedule.swift; sourceTree = "<group>"; };
		146803AB261ED50000EDD0AE /* TopologicalSort.swift */ = {isa = PBXFileReference; lastKnownFileType = sourcecode.swift; path = TopologicalSort.swift; sourceTree = "<group>"; };
		146803AD261EDC3B00EDD0AE /* CourseSchedule2.swift */ = {isa = PBXFileReference; lastKnownFileType = sourcecode.swift; path = CourseSchedule2.swift; sourceTree = "<group>"; };
		146803B1261EE23D00EDD0AE /* BridgesTeacher.swift */ = {isa = PBXFileReference; fileEncoding = 4; lastKnownFileType = sourcecode.swift; path = BridgesTeacher.swift; sourceTree = "<group>"; };
		146803B2261EE23D00EDD0AE /* TomatoFarmTeacher.swift */ = {isa = PBXFileReference; fileEncoding = 4; lastKnownFileType = sourcecode.swift; path = TomatoFarmTeacher.swift; sourceTree = "<group>"; };
		146803B6261EE24C00EDD0AE /* RepeatingSequence.swift */ = {isa = PBXFileReference; fileEncoding = 4; lastKnownFileType = sourcecode.swift; path = RepeatingSequence.swift; sourceTree = "<group>"; };
		146803B7261EE24C00EDD0AE /* CyclicPermutation.swift */ = {isa = PBXFileReference; fileEncoding = 4; lastKnownFileType = sourcecode.swift; path = CyclicPermutation.swift; sourceTree = "<group>"; };
		146803BD261EE34600EDD0AE /* sushi.swift */ = {isa = PBXFileReference; fileEncoding = 4; lastKnownFileType = sourcecode.swift; path = sushi.swift; sourceTree = "<group>"; };
		146803BE261EE34600EDD0AE /* SushiIterative.swift */ = {isa = PBXFileReference; fileEncoding = 4; lastKnownFileType = sourcecode.swift; path = SushiIterative.swift; sourceTree = "<group>"; };
		1484638D26262BD40049FE64 /* CourseSchedule2Teacher.swift */ = {isa = PBXFileReference; fileEncoding = 4; lastKnownFileType = sourcecode.swift; path = CourseSchedule2Teacher.swift; sourceTree = "<group>"; };
		1484638E26262BD40049FE64 /* CourseScheduleTeacher.swift */ = {isa = PBXFileReference; fileEncoding = 4; lastKnownFileType = sourcecode.swift; path = CourseScheduleTeacher.swift; sourceTree = "<group>"; };
		1484639226263C520049FE64 /* BellmanFord.swift */ = {isa = PBXFileReference; fileEncoding = 4; lastKnownFileType = sourcecode.swift; path = BellmanFord.swift; sourceTree = "<group>"; };
		148463972627AF4B0049FE64 /* TimeMachine.swift */ = {isa = PBXFileReference; fileEncoding = 4; lastKnownFileType = sourcecode.swift; path = TimeMachine.swift; sourceTree = "<group>"; };
		1484639B2627AFC20049FE64 /* MinimumCostFlow.swift */ = {isa = PBXFileReference; lastKnownFileType = sourcecode.swift; path = MinimumCostFlow.swift; sourceTree = "<group>"; };
		148463A02627BB790049FE64 /* DijkstraPQ.swift */ = {isa = PBXFileReference; fileEncoding = 4; lastKnownFileType = sourcecode.swift; path = DijkstraPQ.swift; sourceTree = "<group>"; };
		148463A32627FD740049FE64 /* MST.swift */ = {isa = PBXFileReference; lastKnownFileType = sourcecode.swift; path = MST.swift; sourceTree = "<group>"; };
		1486A15D2601E47B000B53CF /* Bag.swift */ = {isa = PBXFileReference; lastKnownFileType = sourcecode.swift; path = Bag.swift; sourceTree = "<group>"; };
		1486A15E2601E563000B53CF /* Stack.swift */ = {isa = PBXFileReference; lastKnownFileType = sourcecode.swift; path = Stack.swift; sourceTree = "<group>"; };
		1486A1622601F53C000B53CF /* Queue.swift */ = {isa = PBXFileReference; lastKnownFileType = sourcecode.swift; path = Queue.swift; sourceTree = "<group>"; };
		1486A1662603D1F4000B53CF /* TreeTraversal.swift */ = {isa = PBXFileReference; lastKnownFileType = sourcecode.swift; path = TreeTraversal.swift; sourceTree = "<group>"; };
		1486A1682603D288000B53CF /* WhoIsMyParent.swift */ = {isa = PBXFileReference; lastKnownFileType = sourcecode.swift; path = WhoIsMyParent.swift; sourceTree = "<group>"; };
		1486A16B26044096000B53CF /* Diameter.swift */ = {isa = PBXFileReference; lastKnownFileType = sourcecode.swift; path = Diameter.swift; sourceTree = "<group>"; };
		1486A1712609B563000B53CF /* LowestCommonAncestor.swift */ = {isa = PBXFileReference; lastKnownFileType = sourcecode.swift; path = LowestCommonAncestor.swift; sourceTree = "<group>"; };
		1486A175260C2C9F000B53CF /* AdjacencyList.swift */ = {isa = PBXFileReference; lastKnownFileType = sourcecode.swift; path = AdjacencyList.swift; sourceTree = "<group>"; };
		1486A176260C2C9F000B53CF /* AdjacencyMatrix.swift */ = {isa = PBXFileReference; lastKnownFileType = sourcecode.swift; path = AdjacencyMatrix.swift; sourceTree = "<group>"; };
		1486A177260C2C9F000B53CF /* DFS.swift */ = {isa = PBXFileReference; lastKnownFileType = sourcecode.swift; path = DFS.swift; sourceTree = "<group>"; };
		1486A178260C2C9F000B53CF /* ConnectedComponents.swift */ = {isa = PBXFileReference; lastKnownFileType = sourcecode.swift; path = ConnectedComponents.swift; sourceTree = "<group>"; };
		1486A179260C2C9F000B53CF /* bipartite.swift */ = {isa = PBXFileReference; lastKnownFileType = sourcecode.swift; path = bipartite.swift; sourceTree = "<group>"; };
		1486A17A260C2C9F000B53CF /* BFS.swift */ = {isa = PBXFileReference; lastKnownFileType = sourcecode.swift; path = BFS.swift; sourceTree = "<group>"; };
		1486A17B260C2DA0000B53CF /* LCA(linear).swift */ = {isa = PBXFileReference; fileEncoding = 4; lastKnownFileType = sourcecode.swift; path = "LCA(linear).swift"; sourceTree = "<group>"; };
		1486A17C260C2DA0000B53CF /* TreeAssignment.swift */ = {isa = PBXFileReference; fileEncoding = 4; lastKnownFileType = sourcecode.swift; path = TreeAssignment.swift; sourceTree = "<group>"; };
		1486A181260C2DB9000B53CF /* Town.swift */ = {isa = PBXFileReference; lastKnownFileType = sourcecode.swift; path = Town.swift; sourceTree = "<group>"; };
		1486A183260C2E84000B53CF /* GraphAssignment.swift */ = {isa = PBXFileReference; lastKnownFileType = sourcecode.swift; path = GraphAssignment.swift; sourceTree = "<group>"; };
		1486A188260D0D45000B53CF /* GraphAssignment2.swift */ = {isa = PBXFileReference; lastKnownFileType = sourcecode.swift; path = GraphAssignment2.swift; sourceTree = "<group>"; };
		1486A18E2616620E000B53CF /* sushi.21.out */ = {isa = PBXFileReference; lastKnownFileType = text; path = sushi.21.out; sourceTree = "<group>"; };
		1486A18F2616620E000B53CF /* sushi.20.out */ = {isa = PBXFileReference; lastKnownFileType = text; path = sushi.20.out; sourceTree = "<group>"; };
		1486A1902616620E000B53CF /* sushi.19.in */ = {isa = PBXFileReference; lastKnownFileType = text; path = sushi.19.in; sourceTree = "<group>"; };
		1486A1912616620E000B53CF /* sushi.22.out */ = {isa = PBXFileReference; lastKnownFileType = text; path = sushi.22.out; sourceTree = "<group>"; };
		1486A1922616620E000B53CF /* sushi.23.out */ = {isa = PBXFileReference; lastKnownFileType = text; path = sushi.23.out; sourceTree = "<group>"; };
		1486A1932616620E000B53CF /* sushi.18.in */ = {isa = PBXFileReference; lastKnownFileType = text; path = sushi.18.in; sourceTree = "<group>"; };
		1486A1942616620E000B53CF /* sushisamp.2.out */ = {isa = PBXFileReference; lastKnownFileType = text; path = sushisamp.2.out; sourceTree = "<group>"; };
		1486A1952616620E000B53CF /* sushi.24.out */ = {isa = PBXFileReference; lastKnownFileType = text; path = sushi.24.out; sourceTree = "<group>"; };
		1486A1962616620E000B53CF /* sushi.18.out */ = {isa = PBXFileReference; lastKnownFileType = text; path = sushi.18.out; sourceTree = "<group>"; };
		1486A1972616620E000B53CF /* sushi.19.out */ = {isa = PBXFileReference; lastKnownFileType = text; path = sushi.19.out; sourceTree = "<group>"; };
		1486A1982616620E000B53CF /* sushi.25.out */ = {isa = PBXFileReference; lastKnownFileType = text; path = sushi.25.out; sourceTree = "<group>"; };
		1486A1992616620E000B53CF /* sushisamp.1.out */ = {isa = PBXFileReference; lastKnownFileType = text; path = sushisamp.1.out; sourceTree = "<group>"; };
		1486A19A2616620E000B53CF /* sushi.23.in */ = {isa = PBXFileReference; lastKnownFileType = text; path = sushi.23.in; sourceTree = "<group>"; };
		1486A19B2616620E000B53CF /* sushi.17.in */ = {isa = PBXFileReference; lastKnownFileType = text; path = sushi.17.in; sourceTree = "<group>"; };
		1486A19C2616620E000B53CF /* sushi.5.in */ = {isa = PBXFileReference; lastKnownFileType = text; path = sushi.5.in; sourceTree = "<group>"; };
		1486A19D2616620E000B53CF /* sushi.5.out */ = {isa = PBXFileReference; lastKnownFileType = text; path = sushi.5.out; sourceTree = "<group>"; };
		1486A19E2616620E000B53CF /* sushisamp.2.in */ = {isa = PBXFileReference; lastKnownFileType = text; path = sushisamp.2.in; sourceTree = "<group>"; };
		1486A19F2616620E000B53CF /* sushi.4.out */ = {isa = PBXFileReference; lastKnownFileType = text; path = sushi.4.out; sourceTree = "<group>"; };
		1486A1A02616620E000B53CF /* sushi.13.in */ = {isa = PBXFileReference; lastKnownFileType = text; path = sushi.13.in; sourceTree = "<group>"; };
		1486A1A12616620E000B53CF /* sushi.1.in */ = {isa = PBXFileReference; lastKnownFileType = text; path = sushi.1.in; sourceTree = "<group>"; };
		1486A1A22616620E000B53CF /* sushi.6.out */ = {isa = PBXFileReference; lastKnownFileType = text; path = sushi.6.out; sourceTree = "<group>"; };
		1486A1A32616620E000B53CF /* sushi.7.out */ = {isa = PBXFileReference; lastKnownFileType = text; path = sushi.7.out; sourceTree = "<group>"; };
		1486A1A42616620E000B53CF /* sushi.12.in */ = {isa = PBXFileReference; lastKnownFileType = text; path = sushi.12.in; sourceTree = "<group>"; };
		1486A1A52616620E000B53CF /* sushi.3.out */ = {isa = PBXFileReference; lastKnownFileType = text; path = sushi.3.out; sourceTree = "<group>"; };
		1486A1A62616620E000B53CF /* sushi.2.out */ = {isa = PBXFileReference; lastKnownFileType = text; path = sushi.2.out; sourceTree = "<group>"; };
		1486A1A72616620E000B53CF /* sushi.22.in */ = {isa = PBXFileReference; lastKnownFileType = text; path = sushi.22.in; sourceTree = "<group>"; };
		1486A1A82616620E000B53CF /* sushi.16.in */ = {isa = PBXFileReference; lastKnownFileType = text; path = sushi.16.in; sourceTree = "<group>"; };
		1486A1A92616620E000B53CF /* sushi.4.in */ = {isa = PBXFileReference; lastKnownFileType = text; path = sushi.4.in; sourceTree = "<group>"; };
		1486A1AA2616620E000B53CF /* sushi.1.out */ = {isa = PBXFileReference; lastKnownFileType = text; path = sushi.1.out; sourceTree = "<group>"; };
		1486A1AB2616620E000B53CF /* sushi.11.in */ = {isa = PBXFileReference; lastKnownFileType = text; path = sushi.11.in; sourceTree = "<group>"; };
		1486A1AC2616620E000B53CF /* sushi.25.in */ = {isa = PBXFileReference; lastKnownFileType = text; path = sushi.25.in; sourceTree = "<group>"; };
		1486A1AD2616620E000B53CF /* sushi.3.in */ = {isa = PBXFileReference; lastKnownFileType = text; path = sushi.3.in; sourceTree = "<group>"; };
		1486A1AE2616620E000B53CF /* sushi.21.in */ = {isa = PBXFileReference; lastKnownFileType = text; path = sushi.21.in; sourceTree = "<group>"; };
		1486A1AF2616620E000B53CF /* sushi.15.in */ = {isa = PBXFileReference; lastKnownFileType = text; path = sushi.15.in; sourceTree = "<group>"; };
		1486A1B02616620E000B53CF /* sushi.7.in */ = {isa = PBXFileReference; lastKnownFileType = text; path = sushi.7.in; sourceTree = "<group>"; };
		1486A1B12616620E000B53CF /* sushi.20.in */ = {isa = PBXFileReference; lastKnownFileType = text; path = sushi.20.in; sourceTree = "<group>"; };
		1486A1B22616620E000B53CF /* sushi.14.in */ = {isa = PBXFileReference; lastKnownFileType = text; path = sushi.14.in; sourceTree = "<group>"; };
		1486A1B32616620E000B53CF /* sushi.6.in */ = {isa = PBXFileReference; lastKnownFileType = text; path = sushi.6.in; sourceTree = "<group>"; };
		1486A1B42616620E000B53CF /* sushisamp.1.in */ = {isa = PBXFileReference; lastKnownFileType = text; path = sushisamp.1.in; sourceTree = "<group>"; };
		1486A1B52616620E000B53CF /* sushi.10.in */ = {isa = PBXFileReference; lastKnownFileType = text; path = sushi.10.in; sourceTree = "<group>"; };
		1486A1B62616620E000B53CF /* sushi.24.in */ = {isa = PBXFileReference; lastKnownFileType = text; path = sushi.24.in; sourceTree = "<group>"; };
		1486A1B72616620E000B53CF /* sushi.9.out */ = {isa = PBXFileReference; lastKnownFileType = text; path = sushi.9.out; sourceTree = "<group>"; };
		1486A1B82616620E000B53CF /* sushi.2.in */ = {isa = PBXFileReference; lastKnownFileType = text; path = sushi.2.in; sourceTree = "<group>"; };
		1486A1B92616620E000B53CF /* sushi.8.out */ = {isa = PBXFileReference; lastKnownFileType = text; path = sushi.8.out; sourceTree = "<group>"; };
		1486A1BA2616620E000B53CF /* sushi.9.in */ = {isa = PBXFileReference; lastKnownFileType = text; path = sushi.9.in; sourceTree = "<group>"; };
		1486A1BB2616620E000B53CF /* sushi.14.out */ = {isa = PBXFileReference; lastKnownFileType = text; path = sushi.14.out; sourceTree = "<group>"; };
		1486A1BC2616620E000B53CF /* sushi.15.out */ = {isa = PBXFileReference; lastKnownFileType = text; path = sushi.15.out; sourceTree = "<group>"; };
		1486A1BD2616620E000B53CF /* sushi.17.out */ = {isa = PBXFileReference; lastKnownFileType = text; path = sushi.17.out; sourceTree = "<group>"; };
		1486A1BE2616620E000B53CF /* sushi.16.out */ = {isa = PBXFileReference; lastKnownFileType = text; path = sushi.16.out; sourceTree = "<group>"; };
		1486A1BF2616620E000B53CF /* sushi.12.out */ = {isa = PBXFileReference; lastKnownFileType = text; path = sushi.12.out; sourceTree = "<group>"; };
		1486A1C02616620E000B53CF /* sushi.13.out */ = {isa = PBXFileReference; lastKnownFileType = text; path = sushi.13.out; sourceTree = "<group>"; };
		1486A1C12616620E000B53CF /* sushi.8.in */ = {isa = PBXFileReference; lastKnownFileType = text; path = sushi.8.in; sourceTree = "<group>"; };
		1486A1C22616620E000B53CF /* sushi.11.out */ = {isa = PBXFileReference; lastKnownFileType = text; path = sushi.11.out; sourceTree = "<group>"; };
		1486A1C32616620E000B53CF /* sushi.10.out */ = {isa = PBXFileReference; lastKnownFileType = text; path = sushi.10.out; sourceTree = "<group>"; };
		1490667A261D57A30019F4A0 /* TomatoFarm.swift */ = {isa = PBXFileReference; lastKnownFileType = sourcecode.swift; path = TomatoFarm.swift; sourceTree = "<group>"; };
		1490667D261D75050019F4A0 /* Bridges.swift */ = {isa = PBXFileReference; lastKnownFileType = sourcecode.swift; path = Bridges.swift; sourceTree = "<group>"; };
		14FFDCB22620093D0073DFC7 /* UF.swift */ = {isa = PBXFileReference; lastKnownFileType = sourcecode.swift; path = UF.swift; sourceTree = "<group>"; };
		14FFDCB8262011180073DFC7 /* 547NumberOfProvinces.swift */ = {isa = PBXFileReference; lastKnownFileType = sourcecode.swift; path = 547NumberOfProvinces.swift; sourceTree = "<group>"; };
		14FFDCBC2620114B0073DFC7 /* 684RedundantConnection.swift */ = {isa = PBXFileReference; lastKnownFileType = sourcecode.swift; path = 684RedundantConnection.swift; sourceTree = "<group>"; };
		14FFDCC02622AD950073DFC7 /* 1029TwoCityScheduling.swift */ = {isa = PBXFileReference; lastKnownFileType = sourcecode.swift; path = 1029TwoCityScheduling.swift; sourceTree = "<group>"; };
		14FFDCC42622D3920073DFC7 /* 621TaskScheduler.swift */ = {isa = PBXFileReference; lastKnownFileType = sourcecode.swift; path = 621TaskScheduler.swift; sourceTree = "<group>"; };
/* End PBXFileReference section */

/* Begin PBXFrameworksBuildPhase section */
		143575B025F8212A00FA778B /* Frameworks */ = {
			isa = PBXFrameworksBuildPhase;
			buildActionMask = 2147483647;
			files = (
			);
			runOnlyForDeploymentPostprocessing = 0;
		};
/* End PBXFrameworksBuildPhase section */

/* Begin PBXGroup section */
		14143C3D261FFAFF00FDC6AF /* Union Find */ = {
			isa = PBXGroup;
			children = (
				14FFDCB22620093D0073DFC7 /* UF.swift */,
			);
			path = "Union Find";
			sourceTree = "<group>";
		};
		141BFD0526260A8F007FF9A9 /* GreedyAlgorithms */ = {
			isa = PBXGroup;
			children = (
				141BFD0626260A8F007FF9A9 /* TaskScheduler.swift */,
				141BFD0726260A8F007FF9A9 /* GasStation.swift */,
				141BFD0826260A8F007FF9A9 /* PartitionLabels.swift */,
				141BFD0926260A8F007FF9A9 /* TwoCityScheduling.swift */,
			);
			path = GreedyAlgorithms;
			sourceTree = "<group>";
		};
		141BFD0A26260A8F007FF9A9 /* MST */ = {
			isa = PBXGroup;
			children = (
				148463A32627FD740049FE64 /* MST.swift */,
			);
			path = MST;
			sourceTree = "<group>";
		};
		141BFD0C26260A8F007FF9A9 /* ShortestPath */ = {
			isa = PBXGroup;
			children = (
				148463A02627BB790049FE64 /* DijkstraPQ.swift */,
				148463972627AF4B0049FE64 /* TimeMachine.swift */,
				1484639226263C520049FE64 /* BellmanFord.swift */,
				141BFD0D26260A8F007FF9A9 /* DijkstraArray.swift */,
			);
			path = ShortestPath;
			sourceTree = "<group>";
		};
		143575AA25F8212A00FA778B = {
			isa = PBXGroup;
			children = (
				143575B525F8212A00FA778B /* AlgorithmsDataStructures */,
				143575B425F8212A00FA778B /* Products */,
			);
			sourceTree = "<group>";
		};
		143575B425F8212A00FA778B /* Products */ = {
			isa = PBXGroup;
			children = (
				143575B325F8212A00FA778B /* AlgorithmsDataStructures */,
			);
			name = Products;
			sourceTree = "<group>";
		};
		143575B525F8212A00FA778B /* AlgorithmsDataStructures */ = {
			isa = PBXGroup;
			children = (
				14FFDCB7262010E60073DFC7 /* LeetCode */,
				143575C925F83BAD00FA778B /* Assignments */,
				1486A15C2601E47B000B53CF /* Bag, Stack, Queue */,
				143575C325F824FA00FA778B /* Utils */,
				1442D9F325FF2F1500100F11 /* Searching */,
				146803AA261ED50000EDD0AE /* Topological */,
				1486A180260C2DB9000B53CF /* FloodFill */,
				146803B0261EE1E400EDD0AE /* Graph */,
				1484638C26262B850049FE64 /* DAG + Topological Sort */,
				1442D9F125FF2F0600100F11 /* Sorting */,
				1486A1652603D1F4000B53CF /* Tree */,
				1486A174260C2C9F000B53CF /* Examples */,
				141BFD0526260A8F007FF9A9 /* GreedyAlgorithms */,
				141BFD0A26260A8F007FF9A9 /* MST */,
				141BFD0C26260A8F007FF9A9 /* ShortestPath */,
				143575BE25F8213700FA778B /* Recursion */,
				143575B625F8212A00FA778B /* main.swift */,
			);
			path = AlgorithmsDataStructures;
			sourceTree = "<group>";
		};
		143575BE25F8213700FA778B /* Recursion */ = {
			isa = PBXGroup;
			children = (
				145B1A5225FB180900F1E4BD /* BackTracking.swift */,
				145B1A5125FB180900F1E4BD /* ExhaustiveSearch.swift */,
				143575BF25F8219600FA778B /* Recursion.swift */,
				143575C725F831D800FA778B /* provinces.txt */,
			);
			path = Recursion;
			sourceTree = "<group>";
		};
		143575C325F824FA00FA778B /* Utils */ = {
			isa = PBXGroup;
			children = (
				145B1A4E25FB179D00F1E4BD /* String+DPStringTool.swift */,
			);
			path = Utils;
			sourceTree = "<group>";
		};
		143575C925F83BAD00FA778B /* Assignments */ = {
			isa = PBXGroup;
			children = (
				1484639A2627AFA40049FE64 /* MCF */,
				14FFDCBF2622AD750073DFC7 /* GreedyAlgorithms */,
				14143C3D261FFAFF00FDC6AF /* Union Find */,
				146803A4261ED3FC00EDD0AE /* DAG + Topological Sort */,
				14906679261D57830019F4A0 /* Flood Fill */,
				1486A187260D0D25000B53CF /* GraphAssignment2 */,
				1486A182260C2E48000B53CF /* GraphAssignment */,
				1486A1702609B4FA000B53CF /* LCA */,
				1486A16E2604B039000B53CF /* TreeQuiz */,
				143575CA25F83BE700FA778B /* RecursiveAssignment.swift */,
				1442D9EE25FF2E8700100F11 /* QuickSort.swift */,
			);
			path = Assignments;
			sourceTree = "<group>";
		};
		1442D9F125FF2F0600100F11 /* Sorting */ = {
			isa = PBXGroup;
			children = (
				1442D9F225FF2F0600100F11 /* Sorting.swift */,
			);
			path = Sorting;
			sourceTree = "<group>";
		};
		1442D9F325FF2F1500100F11 /* Searching */ = {
			isa = PBXGroup;
			children = (
				1442D9F425FF2F1500100F11 /* Searching.swift */,
			);
			path = Searching;
			sourceTree = "<group>";
		};
		146803A4261ED3FC00EDD0AE /* DAG + Topological Sort */ = {
			isa = PBXGroup;
			children = (
				146803A5261ED46400EDD0AE /* CourseSchedule.swift */,
				146803AD261EDC3B00EDD0AE /* CourseSchedule2.swift */,
			);
			path = "DAG + Topological Sort";
			sourceTree = "<group>";
		};
		146803AA261ED50000EDD0AE /* Topological */ = {
			isa = PBXGroup;
			children = (
				146803AB261ED50000EDD0AE /* TopologicalSort.swift */,
			);
			path = Topological;
			sourceTree = "<group>";
		};
		146803B0261EE1E400EDD0AE /* Graph */ = {
			isa = PBXGroup;
			children = (
				146803BD261EE34600EDD0AE /* sushi.swift */,
				146803BE261EE34600EDD0AE /* SushiIterative.swift */,
				146803B7261EE24C00EDD0AE /* CyclicPermutation.swift */,
				146803B6261EE24C00EDD0AE /* RepeatingSequence.swift */,
			);
			path = Graph;
			sourceTree = "<group>";
		};
		1484638C26262B850049FE64 /* DAG + Topological Sort */ = {
			isa = PBXGroup;
			children = (
				1484638E26262BD40049FE64 /* CourseScheduleTeacher.swift */,
				1484638D26262BD40049FE64 /* CourseSchedule2Teacher.swift */,
			);
			path = "DAG + Topological Sort";
			sourceTree = "<group>";
		};
		1484639A2627AFA40049FE64 /* MCF */ = {
			isa = PBXGroup;
			children = (
				1484639B2627AFC20049FE64 /* MinimumCostFlow.swift */,
			);
			path = MCF;
			sourceTree = "<group>";
		};
		1486A15C2601E47B000B53CF /* Bag, Stack, Queue */ = {
			isa = PBXGroup;
			children = (
				141BFD0F26260AD3007FF9A9 /* IndexPriorityQueue.swift */,
				1486A15D2601E47B000B53CF /* Bag.swift */,
				1486A15E2601E563000B53CF /* Stack.swift */,
				1486A1622601F53C000B53CF /* Queue.swift */,
			);
			path = "Bag, Stack, Queue";
			sourceTree = "<group>";
		};
		1486A1652603D1F4000B53CF /* Tree */ = {
			isa = PBXGroup;
			children = (
				1486A17B260C2DA0000B53CF /* LCA(linear).swift */,
				1486A17C260C2DA0000B53CF /* TreeAssignment.swift */,
				1486A1662603D1F4000B53CF /* TreeTraversal.swift */,
			);
			path = Tree;
			sourceTree = "<group>";
		};
		1486A16E2604B039000B53CF /* TreeQuiz */ = {
			isa = PBXGroup;
			children = (
				1486A1682603D288000B53CF /* WhoIsMyParent.swift */,
				1486A16B26044096000B53CF /* Diameter.swift */,
			);
			path = TreeQuiz;
			sourceTree = "<group>";
		};
		1486A1702609B4FA000B53CF /* LCA */ = {
			isa = PBXGroup;
			children = (
				1486A1712609B563000B53CF /* LowestCommonAncestor.swift */,
			);
			path = LCA;
			sourceTree = "<group>";
		};
		1486A174260C2C9F000B53CF /* Examples */ = {
			isa = PBXGroup;
			children = (
				1486A175260C2C9F000B53CF /* AdjacencyList.swift */,
				1486A176260C2C9F000B53CF /* AdjacencyMatrix.swift */,
				1486A177260C2C9F000B53CF /* DFS.swift */,
				1486A178260C2C9F000B53CF /* ConnectedComponents.swift */,
				1486A179260C2C9F000B53CF /* bipartite.swift */,
				1486A17A260C2C9F000B53CF /* BFS.swift */,
			);
			path = Examples;
			sourceTree = "<group>";
		};
		1486A180260C2DB9000B53CF /* FloodFill */ = {
			isa = PBXGroup;
			children = (
				1486A181260C2DB9000B53CF /* Town.swift */,
				146803B1261EE23D00EDD0AE /* BridgesTeacher.swift */,
				146803B2261EE23D00EDD0AE /* TomatoFarmTeacher.swift */,
			);
			name = FloodFill;
			path = AlgorithmsDataStructures/FloodFill;
			sourceTree = SOURCE_ROOT;
		};
		1486A182260C2E48000B53CF /* GraphAssignment */ = {
			isa = PBXGroup;
			children = (
				1486A183260C2E84000B53CF /* GraphAssignment.swift */,
			);
			path = GraphAssignment;
			sourceTree = "<group>";
		};
		1486A187260D0D25000B53CF /* GraphAssignment2 */ = {
			isa = PBXGroup;
			children = (
				1486A188260D0D45000B53CF /* GraphAssignment2.swift */,
				1486A18D2616620E000B53CF /* TestCases */,
			);
			path = GraphAssignment2;
			sourceTree = "<group>";
		};
		1486A18D2616620E000B53CF /* TestCases */ = {
			isa = PBXGroup;
			children = (
				1486A18E2616620E000B53CF /* sushi.21.out */,
				1486A18F2616620E000B53CF /* sushi.20.out */,
				1486A1902616620E000B53CF /* sushi.19.in */,
				1486A1912616620E000B53CF /* sushi.22.out */,
				1486A1922616620E000B53CF /* sushi.23.out */,
				1486A1932616620E000B53CF /* sushi.18.in */,
				1486A1942616620E000B53CF /* sushisamp.2.out */,
				1486A1952616620E000B53CF /* sushi.24.out */,
				1486A1962616620E000B53CF /* sushi.18.out */,
				1486A1972616620E000B53CF /* sushi.19.out */,
				1486A1982616620E000B53CF /* sushi.25.out */,
				1486A1992616620E000B53CF /* sushisamp.1.out */,
				1486A19A2616620E000B53CF /* sushi.23.in */,
				1486A19B2616620E000B53CF /* sushi.17.in */,
				1486A19C2616620E000B53CF /* sushi.5.in */,
				1486A19D2616620E000B53CF /* sushi.5.out */,
				1486A19E2616620E000B53CF /* sushisamp.2.in */,
				1486A19F2616620E000B53CF /* sushi.4.out */,
				1486A1A02616620E000B53CF /* sushi.13.in */,
				1486A1A12616620E000B53CF /* sushi.1.in */,
				1486A1A22616620E000B53CF /* sushi.6.out */,
				1486A1A32616620E000B53CF /* sushi.7.out */,
				1486A1A42616620E000B53CF /* sushi.12.in */,
				1486A1A52616620E000B53CF /* sushi.3.out */,
				1486A1A62616620E000B53CF /* sushi.2.out */,
				1486A1A72616620E000B53CF /* sushi.22.in */,
				1486A1A82616620E000B53CF /* sushi.16.in */,
				1486A1A92616620E000B53CF /* sushi.4.in */,
				1486A1AA2616620E000B53CF /* sushi.1.out */,
				1486A1AB2616620E000B53CF /* sushi.11.in */,
				1486A1AC2616620E000B53CF /* sushi.25.in */,
				1486A1AD2616620E000B53CF /* sushi.3.in */,
				1486A1AE2616620E000B53CF /* sushi.21.in */,
				1486A1AF2616620E000B53CF /* sushi.15.in */,
				1486A1B02616620E000B53CF /* sushi.7.in */,
				1486A1B12616620E000B53CF /* sushi.20.in */,
				1486A1B22616620E000B53CF /* sushi.14.in */,
				1486A1B32616620E000B53CF /* sushi.6.in */,
				1486A1B42616620E000B53CF /* sushisamp.1.in */,
				1486A1B52616620E000B53CF /* sushi.10.in */,
				1486A1B62616620E000B53CF /* sushi.24.in */,
				1486A1B72616620E000B53CF /* sushi.9.out */,
				1486A1B82616620E000B53CF /* sushi.2.in */,
				1486A1B92616620E000B53CF /* sushi.8.out */,
				1486A1BA2616620E000B53CF /* sushi.9.in */,
				1486A1BB2616620E000B53CF /* sushi.14.out */,
				1486A1BC2616620E000B53CF /* sushi.15.out */,
				1486A1BD2616620E000B53CF /* sushi.17.out */,
				1486A1BE2616620E000B53CF /* sushi.16.out */,
				1486A1BF2616620E000B53CF /* sushi.12.out */,
				1486A1C02616620E000B53CF /* sushi.13.out */,
				1486A1C12616620E000B53CF /* sushi.8.in */,
				1486A1C22616620E000B53CF /* sushi.11.out */,
				1486A1C32616620E000B53CF /* sushi.10.out */,
			);
			path = TestCases;
			sourceTree = "<group>";
		};
		14906679261D57830019F4A0 /* Flood Fill */ = {
			isa = PBXGroup;
			children = (
				1490667A261D57A30019F4A0 /* TomatoFarm.swift */,
				1490667D261D75050019F4A0 /* Bridges.swift */,
			);
			path = "Flood Fill";
			sourceTree = "<group>";
		};
		14FFDCB7262010E60073DFC7 /* LeetCode */ = {
			isa = PBXGroup;
			children = (
				14FFDCB8262011180073DFC7 /* 547NumberOfProvinces.swift */,
				14FFDCBC2620114B0073DFC7 /* 684RedundantConnection.swift */,
			);
			path = LeetCode;
			sourceTree = "<group>";
		};
		14FFDCBF2622AD750073DFC7 /* GreedyAlgorithms */ = {
			isa = PBXGroup;
			children = (
				14FFDCC02622AD950073DFC7 /* 1029TwoCityScheduling.swift */,
				14FFDCC42622D3920073DFC7 /* 621TaskScheduler.swift */,
				141CCE282624079900E9E28F /* 134GasStation.swift */,
				141CCE2B2624238F00E9E28F /* 763PartitionLabels.swift */,
			);
			path = GreedyAlgorithms;
			sourceTree = "<group>";
		};
/* End PBXGroup section */

/* Begin PBXNativeTarget section */
		143575B225F8212A00FA778B /* AlgorithmsDataStructures */ = {
			isa = PBXNativeTarget;
			buildConfigurationList = 143575BA25F8212A00FA778B /* Build configuration list for PBXNativeTarget "AlgorithmsDataStructures" */;
			buildPhases = (
				143575AF25F8212A00FA778B /* Sources */,
				143575B025F8212A00FA778B /* Frameworks */,
				143575B125F8212A00FA778B /* CopyFiles */,
			);
			buildRules = (
			);
			dependencies = (
			);
			name = AlgorithmsDataStructures;
			productName = AlgorithmsDataStructures;
			productReference = 143575B325F8212A00FA778B /* AlgorithmsDataStructures */;
			productType = "com.apple.product-type.tool";
		};
/* End PBXNativeTarget section */

/* Begin PBXProject section */
		143575AB25F8212A00FA778B /* Project object */ = {
			isa = PBXProject;
			attributes = {
				LastSwiftUpdateCheck = 1240;
				LastUpgradeCheck = 1240;
				TargetAttributes = {
					143575B225F8212A00FA778B = {
						CreatedOnToolsVersion = 12.4;
					};
				};
			};
			buildConfigurationList = 143575AE25F8212A00FA778B /* Build configuration list for PBXProject "AlgorithmsDataStructures" */;
			compatibilityVersion = "Xcode 9.3";
			developmentRegion = en;
			hasScannedForEncodings = 0;
			knownRegions = (
				en,
				Base,
			);
			mainGroup = 143575AA25F8212A00FA778B;
			productRefGroup = 143575B425F8212A00FA778B /* Products */;
			projectDirPath = "";
			projectRoot = "";
			targets = (
				143575B225F8212A00FA778B /* AlgorithmsDataStructures */,
			);
		};
/* End PBXProject section */

/* Begin PBXSourcesBuildPhase section */
		143575AF25F8212A00FA778B /* Sources */ = {
			isa = PBXSourcesBuildPhase;
			buildActionMask = 2147483647;
			files = (
				148463A42627FD740049FE64 /* MST.swift in Sources */,
				143575CB25F83BE700FA778B /* RecursiveAssignment.swift in Sources */,
				1486A15F2601E563000B53CF /* Stack.swift in Sources */,
				1486A16C26044096000B53CF /* Diameter.swift in Sources */,
				141CCE292624079900E9E28F /* 134GasStation.swift in Sources */,
				146803B4261EE23D00EDD0AE /* TomatoFarmTeacher.swift in Sources */,
				14FFDCC52622D3920073DFC7 /* 621TaskScheduler.swift in Sources */,
				143575C025F8219600FA778B /* Recursion.swift in Sources */,
				1442D9EF25FF2E8700100F11 /* QuickSort.swift in Sources */,
				141BFD1026260AD3007FF9A9 /* IndexPriorityQueue.swift in Sources */,
				14FFDCBD2620114B0073DFC7 /* 684RedundantConnection.swift in Sources */,
				146803A6261ED46400EDD0AE /* CourseSchedule.swift in Sources */,
				1486A17D260C2DA0000B53CF /* LCA(linear).swift in Sources */,
				1484639326263C520049FE64 /* BellmanFord.swift in Sources */,
				1484638F26262BD40049FE64 /* CourseSchedule2Teacher.swift in Sources */,
				143575B725F8212A00FA778B /* main.swift in Sources */,
				145B1A5425FB180900F1E4BD /* BackTracking.swift in Sources */,
				1490667B261D57A30019F4A0 /* TomatoFarm.swift in Sources */,
				145B1A5325FB180900F1E4BD /* ExhaustiveSearch.swift in Sources */,
				1486A1632601F53C000B53CF /* Queue.swift in Sources */,
				146803AE261EDC3B00EDD0AE /* CourseSchedule2.swift in Sources */,
				1486A17E260C2DA0000B53CF /* TreeAssignment.swift in Sources */,
				146803B3261EE23D00EDD0AE /* BridgesTeacher.swift in Sources */,
				14FFDCB9262011180073DFC7 /* 547NumberOfProvinces.swift in Sources */,
				1486A1692603D288000B53CF /* WhoIsMyParent.swift in Sources */,
				148463A12627BB790049FE64 /* DijkstraPQ.swift in Sources */,
				146803BF261EE34600EDD0AE /* sushi.swift in Sources */,
				146803B9261EE24C00EDD0AE /* CyclicPermutation.swift in Sources */,
				1484639026262BD40049FE64 /* CourseScheduleTeacher.swift in Sources */,
				145B1A4F25FB179D00F1E4BD /* String+DPStringTool.swift in Sources */,
				14FFDCB32620093D0073DFC7 /* UF.swift in Sources */,
				1490667E261D75050019F4A0 /* Bridges.swift in Sources */,
				1486A184260C2E84000B53CF /* GraphAssignment.swift in Sources */,
				14FFDCC12622AD950073DFC7 /* 1029TwoCityScheduling.swift in Sources */,
				1486A189260D0D45000B53CF /* GraphAssignment2.swift in Sources */,
				141CCE2C2624238F00E9E28F /* 763PartitionLabels.swift in Sources */,
				1484639C2627AFC20049FE64 /* MinimumCostFlow.swift in Sources */,
				148463982627AF4B0049FE64 /* TimeMachine.swift in Sources */,
				1486A1722609B564000B53CF /* LowestCommonAncestor.swift in Sources */,
				146803C0261EE34600EDD0AE /* SushiIterative.swift in Sources */,
				146803B8261EE24C00EDD0AE /* RepeatingSequence.swift in Sources */,
			);
			runOnlyForDeploymentPostprocessing = 0;
		};
/* End PBXSourcesBuildPhase section */

/* Begin XCBuildConfiguration section */
		143575B825F8212A00FA778B /* Debug */ = {
			isa = XCBuildConfiguration;
			buildSettings = {
				ALWAYS_SEARCH_USER_PATHS = NO;
				CLANG_ANALYZER_NONNULL = YES;
				CLANG_ANALYZER_NUMBER_OBJECT_CONVERSION = YES_AGGRESSIVE;
				CLANG_CXX_LANGUAGE_STANDARD = "gnu++14";
				CLANG_CXX_LIBRARY = "libc++";
				CLANG_ENABLE_MODULES = YES;
				CLANG_ENABLE_OBJC_ARC = YES;
				CLANG_ENABLE_OBJC_WEAK = YES;
				CLANG_WARN_BLOCK_CAPTURE_AUTORELEASING = YES;
				CLANG_WARN_BOOL_CONVERSION = YES;
				CLANG_WARN_COMMA = YES;
				CLANG_WARN_CONSTANT_CONVERSION = YES;
				CLANG_WARN_DEPRECATED_OBJC_IMPLEMENTATIONS = YES;
				CLANG_WARN_DIRECT_OBJC_ISA_USAGE = YES_ERROR;
				CLANG_WARN_DOCUMENTATION_COMMENTS = YES;
				CLANG_WARN_EMPTY_BODY = YES;
				CLANG_WARN_ENUM_CONVERSION = YES;
				CLANG_WARN_INFINITE_RECURSION = YES;
				CLANG_WARN_INT_CONVERSION = YES;
				CLANG_WARN_NON_LITERAL_NULL_CONVERSION = YES;
				CLANG_WARN_OBJC_IMPLICIT_RETAIN_SELF = YES;
				CLANG_WARN_OBJC_LITERAL_CONVERSION = YES;
				CLANG_WARN_OBJC_ROOT_CLASS = YES_ERROR;
				CLANG_WARN_QUOTED_INCLUDE_IN_FRAMEWORK_HEADER = YES;
				CLANG_WARN_RANGE_LOOP_ANALYSIS = YES;
				CLANG_WARN_STRICT_PROTOTYPES = YES;
				CLANG_WARN_SUSPICIOUS_MOVE = YES;
				CLANG_WARN_UNGUARDED_AVAILABILITY = YES_AGGRESSIVE;
				CLANG_WARN_UNREACHABLE_CODE = YES;
				CLANG_WARN__DUPLICATE_METHOD_MATCH = YES;
				COPY_PHASE_STRIP = NO;
				DEBUG_INFORMATION_FORMAT = dwarf;
				ENABLE_STRICT_OBJC_MSGSEND = YES;
				ENABLE_TESTABILITY = YES;
				GCC_C_LANGUAGE_STANDARD = gnu11;
				GCC_DYNAMIC_NO_PIC = NO;
				GCC_NO_COMMON_BLOCKS = YES;
				GCC_OPTIMIZATION_LEVEL = 0;
				GCC_PREPROCESSOR_DEFINITIONS = (
					"DEBUG=1",
					"$(inherited)",
				);
				GCC_WARN_64_TO_32_BIT_CONVERSION = YES;
				GCC_WARN_ABOUT_RETURN_TYPE = YES_ERROR;
				GCC_WARN_UNDECLARED_SELECTOR = YES;
				GCC_WARN_UNINITIALIZED_AUTOS = YES_AGGRESSIVE;
				GCC_WARN_UNUSED_FUNCTION = YES;
				GCC_WARN_UNUSED_VARIABLE = YES;
				MACOSX_DEPLOYMENT_TARGET = 11.1;
				MTL_ENABLE_DEBUG_INFO = INCLUDE_SOURCE;
				MTL_FAST_MATH = YES;
				ONLY_ACTIVE_ARCH = YES;
				SDKROOT = macosx;
				SWIFT_ACTIVE_COMPILATION_CONDITIONS = DEBUG;
				SWIFT_OPTIMIZATION_LEVEL = "-Onone";
			};
			name = Debug;
		};
		143575B925F8212A00FA778B /* Release */ = {
			isa = XCBuildConfiguration;
			buildSettings = {
				ALWAYS_SEARCH_USER_PATHS = NO;
				CLANG_ANALYZER_NONNULL = YES;
				CLANG_ANALYZER_NUMBER_OBJECT_CONVERSION = YES_AGGRESSIVE;
				CLANG_CXX_LANGUAGE_STANDARD = "gnu++14";
				CLANG_CXX_LIBRARY = "libc++";
				CLANG_ENABLE_MODULES = YES;
				CLANG_ENABLE_OBJC_ARC = YES;
				CLANG_ENABLE_OBJC_WEAK = YES;
				CLANG_WARN_BLOCK_CAPTURE_AUTORELEASING = YES;
				CLANG_WARN_BOOL_CONVERSION = YES;
				CLANG_WARN_COMMA = YES;
				CLANG_WARN_CONSTANT_CONVERSION = YES;
				CLANG_WARN_DEPRECATED_OBJC_IMPLEMENTATIONS = YES;
				CLANG_WARN_DIRECT_OBJC_ISA_USAGE = YES_ERROR;
				CLANG_WARN_DOCUMENTATION_COMMENTS = YES;
				CLANG_WARN_EMPTY_BODY = YES;
				CLANG_WARN_ENUM_CONVERSION = YES;
				CLANG_WARN_INFINITE_RECURSION = YES;
				CLANG_WARN_INT_CONVERSION = YES;
				CLANG_WARN_NON_LITERAL_NULL_CONVERSION = YES;
				CLANG_WARN_OBJC_IMPLICIT_RETAIN_SELF = YES;
				CLANG_WARN_OBJC_LITERAL_CONVERSION = YES;
				CLANG_WARN_OBJC_ROOT_CLASS = YES_ERROR;
				CLANG_WARN_QUOTED_INCLUDE_IN_FRAMEWORK_HEADER = YES;
				CLANG_WARN_RANGE_LOOP_ANALYSIS = YES;
				CLANG_WARN_STRICT_PROTOTYPES = YES;
				CLANG_WARN_SUSPICIOUS_MOVE = YES;
				CLANG_WARN_UNGUARDED_AVAILABILITY = YES_AGGRESSIVE;
				CLANG_WARN_UNREACHABLE_CODE = YES;
				CLANG_WARN__DUPLICATE_METHOD_MATCH = YES;
				COPY_PHASE_STRIP = NO;
				DEBUG_INFORMATION_FORMAT = "dwarf-with-dsym";
				ENABLE_NS_ASSERTIONS = NO;
				ENABLE_STRICT_OBJC_MSGSEND = YES;
				GCC_C_LANGUAGE_STANDARD = gnu11;
				GCC_NO_COMMON_BLOCKS = YES;
				GCC_WARN_64_TO_32_BIT_CONVERSION = YES;
				GCC_WARN_ABOUT_RETURN_TYPE = YES_ERROR;
				GCC_WARN_UNDECLARED_SELECTOR = YES;
				GCC_WARN_UNINITIALIZED_AUTOS = YES_AGGRESSIVE;
				GCC_WARN_UNUSED_FUNCTION = YES;
				GCC_WARN_UNUSED_VARIABLE = YES;
				MACOSX_DEPLOYMENT_TARGET = 11.1;
				MTL_ENABLE_DEBUG_INFO = NO;
				MTL_FAST_MATH = YES;
				SDKROOT = macosx;
				SWIFT_COMPILATION_MODE = wholemodule;
				SWIFT_OPTIMIZATION_LEVEL = "-O";
			};
			name = Release;
		};
		143575BB25F8212A00FA778B /* Debug */ = {
			isa = XCBuildConfiguration;
			buildSettings = {
				CODE_SIGN_STYLE = Automatic;
				DEVELOPMENT_TEAM = 2RYK4AKN5Y;
				ENABLE_HARDENED_RUNTIME = YES;
				PRODUCT_NAME = "$(TARGET_NAME)";
				SWIFT_VERSION = 5.0;
			};
			name = Debug;
		};
		143575BC25F8212A00FA778B /* Release */ = {
			isa = XCBuildConfiguration;
			buildSettings = {
				CODE_SIGN_STYLE = Automatic;
				DEVELOPMENT_TEAM = 2RYK4AKN5Y;
				ENABLE_HARDENED_RUNTIME = YES;
				PRODUCT_NAME = "$(TARGET_NAME)";
				SWIFT_VERSION = 5.0;
			};
			name = Release;
		};
/* End XCBuildConfiguration section */

/* Begin XCConfigurationList section */
		143575AE25F8212A00FA778B /* Build configuration list for PBXProject "AlgorithmsDataStructures" */ = {
			isa = XCConfigurationList;
			buildConfigurations = (
				143575B825F8212A00FA778B /* Debug */,
				143575B925F8212A00FA778B /* Release */,
			);
			defaultConfigurationIsVisible = 0;
			defaultConfigurationName = Release;
		};
		143575BA25F8212A00FA778B /* Build configuration list for PBXNativeTarget "AlgorithmsDataStructures" */ = {
			isa = XCConfigurationList;
			buildConfigurations = (
				143575BB25F8212A00FA778B /* Debug */,
				143575BC25F8212A00FA778B /* Release */,
			);
			defaultConfigurationIsVisible = 0;
			defaultConfigurationName = Release;
		};
/* End XCConfigurationList section */
	};
	rootObject = 143575AB25F8212A00FA778B /* Project object */;
}
